{
  "lockfile_version": "1",
  "packages": {
    "chez-srfi@latest": {
      "last_modified": "2025-07-13T22:45:35Z",
      "resolved": "github:NixOS/nixpkgs/a421ac6595024edcfbb1ef950a3712b89161c359#chez-srfi",
      "source": "devbox-search",
      "version": "1.1",
      "systems": {
        "aarch64-darwin": {
          "outputs": [
            {
              "name": "out",
              "path": "/nix/store/7asnv1c600rzbkjf1zwrcgin5cpz2jhw-chez-srfi-1.1",
              "default": true
            }
          ],
          "store_path": "/nix/store/7asnv1c600rzbkjf1zwrcgin5cpz2jhw-chez-srfi-1.1"
        },
        "aarch64-linux": {
          "outputs": [
            {
              "name": "out",
              "path": "/nix/store/n2nnf42dq815286bi0fipi338bdzf8q1-chez-srfi-1.1",
              "default": true
            }
          ],
          "store_path": "/nix/store/n2nnf42dq815286bi0fipi338bdzf8q1-chez-srfi-1.1"
        },
        "x86_64-darwin": {
          "outputs": [
            {
              "name": "out",
              "path": "/nix/store/gr585l8ki5f29fn36icanf8fl40c5jx7-chez-srfi-1.1",
              "default": true
            }
          ],
          "store_path": "/nix/store/gr585l8ki5f29fn36icanf8fl40c5jx7-chez-srfi-1.1"
        },
        "x86_64-linux": {
          "outputs": [
            {
              "name": "out",
              "path": "/nix/store/n1xcs5n80kqa3ragpwnk3rmbg1plls0l-chez-srfi-1.1",
              "default": true
            }
          ],
          "store_path": "/nix/store/n1xcs5n80kqa3ragpwnk3rmbg1plls0l-chez-srfi-1.1"
        }
      }
    },
    "chez@latest": {
      "last_modified": "2025-07-13T22:45:35Z",
      "resolved": "github:NixOS/nixpkgs/a421ac6595024edcfbb1ef950a3712b89161c359#chez",
      "source": "devbox-search",
      "version": "10.2.0",
      "systems": {
        "aarch64-darwin": {
          "outputs": [
            {
              "name": "out",
              "path": "/nix/store/vy91rd0p8ydjj9hc0fcwfk1j843b61wl-chez-scheme-10.2.0",
              "default": true
            }
          ],
          "store_path": "/nix/store/vy91rd0p8ydjj9hc0fcwfk1j843b61wl-chez-scheme-10.2.0"
        },
        "aarch64-linux": {
          "outputs": [
            {
              "name": "out",
              "path": "/nix/store/6m858gpwmvxjw9l6zjlzipf9alfagn3d-chez-scheme-10.2.0",
              "default": true
            }
          ],
          "store_path": "/nix/store/6m858gpwmvxjw9l6zjlzipf9alfagn3d-chez-scheme-10.2.0"
        },
        "x86_64-darwin": {
          "outputs": [
            {
              "name": "out",
              "path": "/nix/store/5zdyc1hfc69zsjqqswpa3lqgnhw0w49x-chez-scheme-10.2.0",
              "default": true
            }
          ],
          "store_path": "/nix/store/5zdyc1hfc69zsjqqswpa3lqgnhw0w49x-chez-scheme-10.2.0"
        },
        "x86_64-linux": {
          "outputs": [
            {
              "name": "out",
              "path": "/nix/store/hcwb20a3rsmxx4a26c003ggnlvmb1i7b-chez-scheme-10.2.0",
              "default": true
            }
          ],
          "store_path": "/nix/store/hcwb20a3rsmxx4a26c003ggnlvmb1i7b-chez-scheme-10.2.0"
        }
      }
    },
    "chibi@latest": {
      "last_modified": "2025-07-13T22:45:35Z",
      "resolved": "github:NixOS/nixpkgs/a421ac6595024edcfbb1ef950a3712b89161c359#chibi",
      "source": "devbox-search",
      "version": "0.11",
      "systems": {
        "aarch64-darwin": {
          "outputs": [
            {
              "name": "out",
              "path": "/nix/store/gxyg84zbrwkwqsyb1m5ghx28py95f8x6-chibi-scheme-0.11",
              "default": true
            }
          ],
          "store_path": "/nix/store/gxyg84zbrwkwqsyb1m5ghx28py95f8x6-chibi-scheme-0.11"
        },
        "aarch64-linux": {
          "outputs": [
            {
              "name": "out",
              "path": "/nix/store/y6cp8byac7rfphbigl15i4a2qd69fq4i-chibi-scheme-0.11",
              "default": true
            }
          ],
          "store_path": "/nix/store/y6cp8byac7rfphbigl15i4a2qd69fq4i-chibi-scheme-0.11"
        },
        "x86_64-darwin": {
          "outputs": [
            {
              "name": "out",
              "path": "/nix/store/sblzaij3a3fd3ynw0jyi4w7fdvf4845m-chibi-scheme-0.11",
              "default": true
            }
          ],
          "store_path": "/nix/store/sblzaij3a3fd3ynw0jyi4w7fdvf4845m-chibi-scheme-0.11"
        },
        "x86_64-linux": {
          "outputs": [
            {
              "name": "out",
              "path": "/nix/store/yr6h3fx1p18kn4dibz1ln9ybhzn1214q-chibi-scheme-0.11",
              "default": true
            }
          ],
          "store_path": "/nix/store/yr6h3fx1p18kn4dibz1ln9ybhzn1214q-chibi-scheme-0.11"
        }
      }
    },
    "chicken@latest": {
      "last_modified": "2025-07-13T22:45:35Z",
      "resolved": "github:NixOS/nixpkgs/a421ac6595024edcfbb1ef950a3712b89161c359#chicken",
      "source": "devbox-search",
      "version": "5.4.0",
      "systems": {
        "aarch64-darwin": {
          "outputs": [
            {
              "name": "out",
              "path": "/nix/store/5gv8v2blpif95aprf0qspysksg2pfdrq-chicken-5.4.0",
              "default": true
            }
          ],
          "store_path": "/nix/store/5gv8v2blpif95aprf0qspysksg2pfdrq-chicken-5.4.0"
        },
        "aarch64-linux": {
          "outputs": [
            {
              "name": "out",
              "path": "/nix/store/62hpnfbdipdbgl6vcm2wpkh2idpvmdnl-chicken-5.4.0",
              "default": true
            }
          ],
          "store_path": "/nix/store/62hpnfbdipdbgl6vcm2wpkh2idpvmdnl-chicken-5.4.0"
        },
        "x86_64-darwin": {
          "outputs": [
            {
              "name": "out",
              "path": "/nix/store/6wslwn5l7j25v735lpysyk1xsg0k2b6c-chicken-5.4.0",
              "default": true
            }
          ],
          "store_path": "/nix/store/6wslwn5l7j25v735lpysyk1xsg0k2b6c-chicken-5.4.0"
        },
        "x86_64-linux": {
          "outputs": [
            {
              "name": "out",
              "path": "/nix/store/pxlp0f8wbb4qw9yd006xvvqv88fg8rmi-chicken-5.4.0",
              "default": true
            }
          ],
          "store_path": "/nix/store/pxlp0f8wbb4qw9yd006xvvqv88fg8rmi-chicken-5.4.0"
        }
      }
    },
    "chickenPackages_5.chickenEggs.r7rs@latest": {
      "last_modified": "2025-07-13T22:45:35Z",
      "resolved": "github:NixOS/nixpkgs/a421ac6595024edcfbb1ef950a3712b89161c359#chickenPackages_5.chickenEggs.r7rs",
      "source": "devbox-search",
      "version": "1.0.10",
      "systems": {
        "aarch64-darwin": {
          "outputs": [
            {
              "name": "out",
              "path": "/nix/store/q1y47fcrhr5jksv21ai65g9s3hnm4lja-chicken-r7rs-1.0.10",
              "default": true
            }
          ],
          "store_path": "/nix/store/q1y47fcrhr5jksv21ai65g9s3hnm4lja-chicken-r7rs-1.0.10"
        },
        "aarch64-linux": {
          "outputs": [
            {
              "name": "out",
              "path": "/nix/store/zhcapwvaxwihbnmyylxq75h0r1y36xhj-chicken-r7rs-1.0.10",
              "default": true
            }
          ],
          "store_path": "/nix/store/zhcapwvaxwihbnmyylxq75h0r1y36xhj-chicken-r7rs-1.0.10"
        },
        "x86_64-darwin": {
          "outputs": [
            {
              "name": "out",
              "path": "/nix/store/djb35id1kplpfaxy70jvp3f8lxk4kljj-chicken-r7rs-1.0.10",
              "default": true
            }
          ],
          "store_path": "/nix/store/djb35id1kplpfaxy70jvp3f8lxk4kljj-chicken-r7rs-1.0.10"
        },
        "x86_64-linux": {
          "outputs": [
            {
              "name": "out",
              "path": "/nix/store/s9851s6hpypc5k8sq7mwhfsqqwpww0ij-chicken-r7rs-1.0.10",
              "default": true
            }
          ],
          "store_path": "/nix/store/s9851s6hpypc5k8sq7mwhfsqqwpww0ij-chicken-r7rs-1.0.10"
        }
      }
    },
    "chickenPackages_5.chickenEggs.srfi-132@latest": {
      "last_modified": "2025-07-13T22:45:35Z",
      "resolved": "github:NixOS/nixpkgs/a421ac6595024edcfbb1ef950a3712b89161c359#chickenPackages_5.chickenEggs.srfi-132",
      "source": "devbox-search",
      "version": "132-1.0.0",
      "systems": {
        "aarch64-darwin": {
          "outputs": [
            {
              "name": "out",
              "path": "/nix/store/d21jn36pl05ar7pnay5khr0djwd4kxra-chicken-srfi-132-1.0.0",
              "default": true
            }
          ],
          "store_path": "/nix/store/d21jn36pl05ar7pnay5khr0djwd4kxra-chicken-srfi-132-1.0.0"
        },
        "aarch64-linux": {
          "outputs": [
            {
              "name": "out",
              "path": "/nix/store/930vfjwf004lcmlb8r44i6gk77gr5rkb-chicken-srfi-132-1.0.0",
              "default": true
            }
          ],
          "store_path": "/nix/store/930vfjwf004lcmlb8r44i6gk77gr5rkb-chicken-srfi-132-1.0.0"
        },
        "x86_64-darwin": {
          "outputs": [
            {
              "name": "out",
              "path": "/nix/store/krrj10nhqc7mmpliavrkkd8p34cymqdp-chicken-srfi-132-1.0.0",
              "default": true
            }
          ],
          "store_path": "/nix/store/krrj10nhqc7mmpliavrkkd8p34cymqdp-chicken-srfi-132-1.0.0"
        },
        "x86_64-linux": {
          "outputs": [
            {
              "name": "out",
              "path": "/nix/store/m21gsdw5wjapddhvjnwb4q9lflj3wlrm-chicken-srfi-132-1.0.0",
              "default": true
            }
          ],
          "store_path": "/nix/store/m21gsdw5wjapddhvjnwb4q9lflj3wlrm-chicken-srfi-132-1.0.0"
        }
      }
    },
    "chickenPackages_5.chickenEggs.srfi-1@latest": {
      "last_modified": "2025-07-13T22:45:35Z",
      "resolved": "github:NixOS/nixpkgs/a421ac6595024edcfbb1ef950a3712b89161c359#chickenPackages_5.chickenEggs.srfi-1",
      "source": "devbox-search",
      "version": "1-0.5.1",
      "systems": {
        "aarch64-darwin": {
          "outputs": [
            {
              "name": "out",
              "path": "/nix/store/8kdg04lzcszbf16jdqbmdg4xgikd6vwp-chicken-srfi-1-0.5.1",
              "default": true
            }
          ],
          "store_path": "/nix/store/8kdg04lzcszbf16jdqbmdg4xgikd6vwp-chicken-srfi-1-0.5.1"
        },
        "aarch64-linux": {
          "outputs": [
            {
              "name": "out",
              "path": "/nix/store/crar6x1hrq81910nk8ad2l288vqn46zw-chicken-srfi-1-0.5.1",
              "default": true
            }
          ],
          "store_path": "/nix/store/crar6x1hrq81910nk8ad2l288vqn46zw-chicken-srfi-1-0.5.1"
        },
        "x86_64-darwin": {
          "outputs": [
            {
              "name": "out",
              "path": "/nix/store/h278ny7rsh2gzx3i9ig13kj8amh0ckrg-chicken-srfi-1-0.5.1",
              "default": true
            }
          ],
          "store_path": "/nix/store/h278ny7rsh2gzx3i9ig13kj8amh0ckrg-chicken-srfi-1-0.5.1"
        },
        "x86_64-linux": {
          "outputs": [
            {
              "name": "out",
              "path": "/nix/store/528l54ipvrsml680wbpbci18akgmri18-chicken-srfi-1-0.5.1",
              "default": true
            }
          ],
          "store_path": "/nix/store/528l54ipvrsml680wbpbci18akgmri18-chicken-srfi-1-0.5.1"
        }
      }
    },
    "chickenPackages_5.chickenEggs.srfi-64@latest": {
      "last_modified": "2025-07-13T22:45:35Z",
      "resolved": "github:NixOS/nixpkgs/a421ac6595024edcfbb1ef950a3712b89161c359#chickenPackages_5.chickenEggs.srfi-64",
      "source": "devbox-search",
      "version": "64-1.0.5",
      "systems": {
        "aarch64-darwin": {
          "outputs": [
            {
              "name": "out",
              "path": "/nix/store/6lxnkzq960q4c6q0snwyxnqws4s7s8nz-chicken-srfi-64-1.0.5",
              "default": true
            }
          ],
          "store_path": "/nix/store/6lxnkzq960q4c6q0snwyxnqws4s7s8nz-chicken-srfi-64-1.0.5"
        },
        "aarch64-linux": {
          "outputs": [
            {
              "name": "out",
              "path": "/nix/store/3v3s4sbn91x8n3lpqggyjh9wx3m5k59w-chicken-srfi-64-1.0.5",
              "default": true
            }
          ],
          "store_path": "/nix/store/3v3s4sbn91x8n3lpqggyjh9wx3m5k59w-chicken-srfi-64-1.0.5"
        },
        "x86_64-darwin": {
          "outputs": [
            {
              "name": "out",
              "path": "/nix/store/kvqdak9z4c297irs4mgccbnamk0v6q6j-chicken-srfi-64-1.0.5",
              "default": true
            }
          ],
          "store_path": "/nix/store/kvqdak9z4c297irs4mgccbnamk0v6q6j-chicken-srfi-64-1.0.5"
        },
        "x86_64-linux": {
          "outputs": [
            {
              "name": "out",
              "path": "/nix/store/7jc31ya7dsknzccbdkx82zcqnb0f8llj-chicken-srfi-64-1.0.5",
              "default": true
            }
          ],
          "store_path": "/nix/store/7jc31ya7dsknzccbdkx82zcqnb0f8llj-chicken-srfi-64-1.0.5"
        }
      }
    },
    "gambit@latest": {
      "last_modified": "2025-07-13T22:45:35Z",
      "resolved": "github:NixOS/nixpkgs/a421ac6595024edcfbb1ef950a3712b89161c359#gambit",
      "source": "devbox-search",
      "version": "4.9.5",
      "systems": {
        "aarch64-darwin": {
          "outputs": [
            {
              "name": "out",
              "path": "/nix/store/b5qixis4nc6lk1j64a8w1wdklcj8y775-gambit-4.9.5",
              "default": true
            }
          ],
          "store_path": "/nix/store/b5qixis4nc6lk1j64a8w1wdklcj8y775-gambit-4.9.5"
        },
        "aarch64-linux": {
          "outputs": [
            {
              "name": "out",
              "path": "/nix/store/7cck3d3w74w1aadf65rc3hw10j1ml8hc-gambit-4.9.5",
              "default": true
            }
          ],
          "store_path": "/nix/store/7cck3d3w74w1aadf65rc3hw10j1ml8hc-gambit-4.9.5"
        },
        "x86_64-darwin": {
          "outputs": [
            {
              "name": "out",
              "path": "/nix/store/lnhvwk5b712x6mhjg92da5ff422pqra7-gambit-4.9.5",
              "default": true
            }
          ],
          "store_path": "/nix/store/lnhvwk5b712x6mhjg92da5ff422pqra7-gambit-4.9.5"
        },
        "x86_64-linux": {
          "outputs": [
            {
              "name": "out",
              "path": "/nix/store/80ad6i3yjycc8i9zkygijyxdxkwbhl3g-gambit-4.9.5",
              "default": true
            }
          ],
          "store_path": "/nix/store/80ad6i3yjycc8i9zkygijyxdxkwbhl3g-gambit-4.9.5"
        }
      }
    },
    "gauche@latest": {
      "last_modified": "2025-07-13T22:45:35Z",
      "resolved": "github:NixOS/nixpkgs/a421ac6595024edcfbb1ef950a3712b89161c359#gauche",
      "source": "devbox-search",
      "version": "0.9.15",
      "systems": {
        "aarch64-darwin": {
          "outputs": [
            {
              "name": "out",
              "path": "/nix/store/azgrfcprdz93fgp9iw0lzpkmry1ryqmh-gauche-0.9.15",
              "default": true
            }
          ],
          "store_path": "/nix/store/azgrfcprdz93fgp9iw0lzpkmry1ryqmh-gauche-0.9.15"
        },
        "aarch64-linux": {
          "outputs": [
            {
              "name": "out",
              "path": "/nix/store/8p3ccdv0wjp82zknbryhdg4gg4420bqi-gauche-0.9.15",
              "default": true
            }
          ],
          "store_path": "/nix/store/8p3ccdv0wjp82zknbryhdg4gg4420bqi-gauche-0.9.15"
        },
        "x86_64-darwin": {
          "outputs": [
            {
              "name": "out",
              "path": "/nix/store/92llf264mm1r0viyl5v2irl8qcja9s6b-gauche-0.9.15",
              "default": true
            }
          ],
          "store_path": "/nix/store/92llf264mm1r0viyl5v2irl8qcja9s6b-gauche-0.9.15"
        },
        "x86_64-linux": {
          "outputs": [
            {
              "name": "out",
              "path": "/nix/store/pp1hlwpp54isb44a5gj18jxvw3w2rzpx-gauche-0.9.15",
              "default": true
            }
          ],
          "store_path": "/nix/store/pp1hlwpp54isb44a5gj18jxvw3w2rzpx-gauche-0.9.15"
        }
      }
    },
    "github:NixOS/nixpkgs/nixpkgs-unstable": {
      "last_modified": "2025-07-22T02:38:50Z",
      "resolved": "github:NixOS/nixpkgs/83e677f31c84212343f4cc553bab85c2efcad60a?lastModified=1753151930&narHash=sha256-XSQy6wRKHhRe%2F%2FiVY5lS%2FZpI%2FJn6crWI8fQzl647wCg%3D"
    },
    "guile@latest": {
      "last_modified": "2025-07-24T15:00:16Z",
      "resolved": "github:NixOS/nixpkgs/b74a30dbc0a72e20df07d43109339f780b439291#guile",
      "source": "devbox-search",
      "version": "3.0.10",
      "systems": {
        "aarch64-darwin": {
          "outputs": [
            {
              "name": "out",
              "path": "/nix/store/3a0zz53z40f7i4j9jc22sz9wslqvd0ma-guile-3.0.10",
              "default": true
            },
            {
              "name": "dev",
              "path": "/nix/store/nw5y8cim4qnpfh3yg9129yb9rxhmaphc-guile-3.0.10-dev"
            },
            {
              "name": "info",
              "path": "/nix/store/ljlkn199icmxqljzzq0rxcvwwnmrvz3r-guile-3.0.10-info"
            }
          ],
          "store_path": "/nix/store/3a0zz53z40f7i4j9jc22sz9wslqvd0ma-guile-3.0.10"
        },
        "aarch64-linux": {
          "outputs": [
            {
              "name": "out",
              "path": "/nix/store/j5fvf98a57ywz4gcfx1j2hpvph8wsr7q-guile-3.0.10",
              "default": true
            },
            {
              "name": "dev",
              "path": "/nix/store/04a0dfdqpxnz61adprxnrw8spg7nanjy-guile-3.0.10-dev"
            },
            {
              "name": "info",
              "path": "/nix/store/84wx23slrfg6avxnyd7y926iy13r89i3-guile-3.0.10-info"
            }
          ],
          "store_path": "/nix/store/j5fvf98a57ywz4gcfx1j2hpvph8wsr7q-guile-3.0.10"
        },
        "x86_64-darwin": {
          "outputs": [
            {
              "name": "out",
              "path": "/nix/store/g0f7ch7hyfp1vk4qkhs8w2mk9iwc0dzp-guile-3.0.10",
              "default": true
            },
            {
              "name": "dev",
              "path": "/nix/store/5p2kfzmqqaal5rjr0c4hfhf68d446yj6-guile-3.0.10-dev"
            },
            {
              "name": "info",
              "path": "/nix/store/jhvmkn21lk8073j67hjns9lbi4xf7qbx-guile-3.0.10-info"
            }
          ],
          "store_path": "/nix/store/g0f7ch7hyfp1vk4qkhs8w2mk9iwc0dzp-guile-3.0.10"
        },
        "x86_64-linux": {
          "outputs": [
            {
              "name": "out",
              "path": "/nix/store/761ifz1qyhmc661j5wb7s6wdal3fg2jp-guile-3.0.10",
              "default": true
            },
            {
              "name": "dev",
              "path": "/nix/store/jvsp6j932l1dq94rqba9120kbk1hwhv9-guile-3.0.10-dev"
            },
            {
              "name": "info",
              "path": "/nix/store/7cpahf93l5fiic0ac6yffq7g0123khl2-guile-3.0.10-info"
            }
          ],
          "store_path": "/nix/store/761ifz1qyhmc661j5wb7s6wdal3fg2jp-guile-3.0.10"
        }
      }
    },
    "lefthook@latest": {
      "last_modified": "2025-07-13T22:45:35Z",
      "resolved": "github:NixOS/nixpkgs/a421ac6595024edcfbb1ef950a3712b89161c359#lefthook",
      "source": "devbox-search",
      "version": "1.11.15",
      "systems": {
        "aarch64-darwin": {
          "outputs": [
            {
              "name": "out",
              "path": "/nix/store/2irf3ik9j41gk9gc6dz2dnqp2pkgvw8f-lefthook-1.11.15",
              "default": true
            }
          ],
          "store_path": "/nix/store/2irf3ik9j41gk9gc6dz2dnqp2pkgvw8f-lefthook-1.11.15"
        },
        "aarch64-linux": {
          "outputs": [
            {
              "name": "out",
              "path": "/nix/store/zdr9kjbzday66r2awx37glrbnqhk8z0x-lefthook-1.11.15",
              "default": true
            }
          ],
          "store_path": "/nix/store/zdr9kjbzday66r2awx37glrbnqhk8z0x-lefthook-1.11.15"
        },
        "x86_64-darwin": {
          "outputs": [
            {
              "name": "out",
              "path": "/nix/store/3jjl86h1l9kq168wwa0r98557hc5wjaj-lefthook-1.11.15",
              "default": true
            }
          ],
          "store_path": "/nix/store/3jjl86h1l9kq168wwa0r98557hc5wjaj-lefthook-1.11.15"
        },
        "x86_64-linux": {
          "outputs": [
            {
              "name": "out",
              "path": "/nix/store/n1lbb50m39c26jlzicbr7q89xymljqsr-lefthook-1.11.15",
              "default": true
            }
          ],
          "store_path": "/nix/store/n1lbb50m39c26jlzicbr7q89xymljqsr-lefthook-1.11.15"
        }
      }
    },
    "racket@8.14": {
      "last_modified": "2024-12-03T12:40:06Z",
      "resolved": "github:NixOS/nixpkgs/566e53c2ad750c84f6d31f9ccb9d00f823165550#racket",
      "source": "devbox-search",
      "version": "8.14",
      "systems": {
        "aarch64-darwin": {
          "outputs": [
            {
              "name": "out",
              "path": "/nix/store/rn17k6cqkkfc2pzzpfay04yii07ry7jd-racket-8.14",
              "default": true
            }
          ],
          "store_path": "/nix/store/rn17k6cqkkfc2pzzpfay04yii07ry7jd-racket-8.14"
        },
        "aarch64-linux": {
          "outputs": [
            {
              "name": "out",
              "path": "/nix/store/i2hygzzri2mc720bjidh2h5d6m46rl28-racket-8.14",
              "default": true
            }
          ],
          "store_path": "/nix/store/i2hygzzri2mc720bjidh2h5d6m46rl28-racket-8.14"
        },
        "x86_64-darwin": {
          "outputs": [
            {
              "name": "out",
              "path": "/nix/store/2j0m59h4q0f3jzfdhfgcx0fd0rbynqiy-racket-8.14",
              "default": true
            }
          ],
          "store_path": "/nix/store/2j0m59h4q0f3jzfdhfgcx0fd0rbynqiy-racket-8.14"
        },
        "x86_64-linux": {
          "outputs": [
            {
              "name": "out",
              "path": "/nix/store/xxzbrzql4h47x1zsfm5hk0gdfl4xyilk-racket-8.14",
              "default": true
            }
          ],
          "store_path": "/nix/store/xxzbrzql4h47x1zsfm5hk0gdfl4xyilk-racket-8.14"
        }
      }
    },
    "sagittarius-scheme@latest": {
      "last_modified": "2025-07-13T22:45:35Z",
      "resolved": "github:NixOS/nixpkgs/a421ac6595024edcfbb1ef950a3712b89161c359#sagittarius-scheme",
      "source": "devbox-search",
      "version": "0.9.12",
      "systems": {
        "aarch64-darwin": {
          "outputs": [
            {
              "name": "out",
              "path": "/nix/store/yg2qlmxj00ylgibbn1jz4dys12fmi2n1-sagittarius-scheme-0.9.12",
              "default": true
            }
          ],
          "store_path": "/nix/store/yg2qlmxj00ylgibbn1jz4dys12fmi2n1-sagittarius-scheme-0.9.12"
        },
        "aarch64-linux": {
          "outputs": [
            {
              "name": "out",
              "path": "/nix/store/l55n4xqhd2d73x0659rrzyyqya1bk3y2-sagittarius-scheme-0.9.12",
              "default": true
            }
          ],
          "store_path": "/nix/store/l55n4xqhd2d73x0659rrzyyqya1bk3y2-sagittarius-scheme-0.9.12"
        },
        "x86_64-darwin": {
          "outputs": [
            {
              "name": "out",
              "path": "/nix/store/6jn6q2ryakkyay8giizaiy2s5jxs8z5i-sagittarius-scheme-0.9.12",
              "default": true
            }
          ],
          "store_path": "/nix/store/6jn6q2ryakkyay8giizaiy2s5jxs8z5i-sagittarius-scheme-0.9.12"
        },
        "x86_64-linux": {
          "outputs": [
            {
              "name": "out",
              "path": "/nix/store/l24ld5wix44qjgh7c4gvp33zymp82m3k-sagittarius-scheme-0.9.12",
              "default": true
            }
          ],
          "store_path": "/nix/store/l24ld5wix44qjgh7c4gvp33zymp82m3k-sagittarius-scheme-0.9.12"
        }
      }
    },
    "schemat@latest": {
      "last_modified": "2025-07-13T22:45:35Z",
      "resolved": "github:NixOS/nixpkgs/a421ac6595024edcfbb1ef950a3712b89161c359#schemat",
      "source": "devbox-search",
      "version": "0.4.1",
      "systems": {
        "aarch64-darwin": {
          "outputs": [
            {
              "name": "out",
              "path": "/nix/store/ji429dgn5zzs26s3v5dpvq7dw9bawm80-schemat-0.4.1",
              "default": true
            }
          ],
          "store_path": "/nix/store/ji429dgn5zzs26s3v5dpvq7dw9bawm80-schemat-0.4.1"
        },
        "aarch64-linux": {
          "outputs": [
            {
              "name": "out",
              "path": "/nix/store/ymzb097szvkil693rgr5vw44pc2nwsfk-schemat-0.4.1",
              "default": true
            }
          ],
          "store_path": "/nix/store/ymzb097szvkil693rgr5vw44pc2nwsfk-schemat-0.4.1"
        },
        "x86_64-darwin": {
          "outputs": [
            {
              "name": "out",
              "path": "/nix/store/rgakyfrg03cxjk2c5yfm1a8yc4bvvpln-schemat-0.4.1",
              "default": true
            }
          ],
          "store_path": "/nix/store/rgakyfrg03cxjk2c5yfm1a8yc4bvvpln-schemat-0.4.1"
        },
        "x86_64-linux": {
          "outputs": [
            {
              "name": "out",
              "path": "/nix/store/vk81r2h08qlbxh8bpwz6wzxclfxg2xr9-schemat-0.4.1",
              "default": true
            }
          ],
          "store_path": "/nix/store/vk81r2h08qlbxh8bpwz6wzxclfxg2xr9-schemat-0.4.1"
        }
      }
    }
  }
}
